{
  "version": 4,
  "terraform_version": "1.12.2",
  "serial": 3,
  "lineage": "9abb483d-63a8-0167-c30e-7618bd4048f2",
  "outputs": {
    "acr_admin_password": {
      "value": "wWt7rr+vddQ0AAppKApxQLLkamZ1EJ4vTl5F8zpnn7+ACRCDEoWF",
      "type": "string",
      "sensitive": true
    },
    "acr_admin_username": {
      "value": "acrpractico2demo",
      "type": "string"
    },
    "acr_login_server": {
      "value": "acrpractico2demo.azurecr.io",
      "type": "string"
    }
  },
  "resources": [
    {
      "mode": "managed",
      "type": "azurerm_container_registry",
      "name": "acr",
      "provider": "provider[\"registry.terraform.io/hashicorp/azurerm\"]",
      "instances": [
        {
          "schema_version": 2,
          "attributes": {
            "admin_enabled": true,
            "admin_password": "wWt7rr+vddQ0AAppKApxQLLkamZ1EJ4vTl5F8zpnn7+ACRCDEoWF",
            "admin_username": "acrpractico2demo",
            "anonymous_pull_enabled": false,
            "data_endpoint_enabled": false,
            "data_endpoint_host_names": [],
            "encryption": [],
            "export_policy_enabled": true,
            "georeplications": [],
            "id": "/subscriptions/c4904935-6e48-4b52-bb13-9571a215e759/resourceGroups/rg-casopractico2/providers/Microsoft.ContainerRegistry/registries/acrpractico2demo",
            "identity": [],
            "location": "westeurope",
            "login_server": "acrpractico2demo.azurecr.io",
            "name": "acrpractico2demo",
            "network_rule_bypass_option": "AzureServices",
            "network_rule_set": [],
            "public_network_access_enabled": true,
            "quarantine_policy_enabled": false,
            "resource_group_name": "rg-casopractico2",
            "retention_policy_in_days": 0,
            "sku": "Basic",
            "tags": {
              "environment": "casopractico2"
            },
            "timeouts": null,
            "trust_policy_enabled": false,
            "zone_redundancy_enabled": false
          },
          "sensitive_attributes": [
            [
              {
                "type": "get_attr",
                "value": "admin_password"
              }
            ]
          ],
          "identity_schema_version": 0,
          "private": "eyJlMmJmYjczMC1lY2FhLTExZTYtOGY4OC0zNDM2M2JjN2M0YzAiOnsiY3JlYXRlIjoxODAwMDAwMDAwMDAwLCJkZWxldGUiOjE4MDAwMDAwMDAwMDAsInJlYWQiOjMwMDAwMDAwMDAwMCwidXBkYXRlIjoxODAwMDAwMDAwMDAwfSwic2NoZW1hX3ZlcnNpb24iOiIyIn0=",
          "dependencies": [
            "azurerm_resource_group.main"
          ]
        }
      ]
    },
    {
      "mode": "managed",
      "type": "azurerm_resource_group",
      "name": "main",
      "provider": "provider[\"registry.terraform.io/hashicorp/azurerm\"]",
      "instances": [
        {
          "schema_version": 0,
          "attributes": {
            "id": "/subscriptions/c4904935-6e48-4b52-bb13-9571a215e759/resourceGroups/rg-casopractico2",
            "location": "westeurope",
            "managed_by": "",
            "name": "rg-casopractico2",
            "tags": {
              "environment": "casopractico2"
            },
            "timeouts": null
          },
          "sensitive_attributes": [],
          "identity_schema_version": 0,
          "private": "eyJlMmJmYjczMC1lY2FhLTExZTYtOGY4OC0zNDM2M2JjN2M0YzAiOnsiY3JlYXRlIjo1NDAwMDAwMDAwMDAwLCJkZWxldGUiOjU0MDAwMDAwMDAwMDAsInJlYWQiOjMwMDAwMDAwMDAwMCwidXBkYXRlIjo1NDAwMDAwMDAwMDAwfX0="
        }
      ]
    }
  ],
  "check_results": null
}
